
Microsoft Visual Studio Solution File, Format Version 12.00
# Visual Studio Version 16
VisualStudioVersion = 16.0.30225.117
MinimumVisualStudioVersion = 10.0.40219.1
Project("{FAE04EC0-301F-11D3-BF4B-00C04F79EFBC}") = "Questionnaire", "Анкета\Questionnaire.csproj", "{7CB1874B-D8E8-45D8-8EB8-4CCF09EF8259}"
EndProject
Project("{2150E333-8FDC-42A3-9474-1A3956D46DE8}") = "Homework_1", "Homework_1", "{7E8E753B-077C-4168-8E08-B837E4DBC2BA}"
EndProject
Project("{2150E333-8FDC-42A3-9474-1A3956D46DE8}") = "Homework_2", "Homework_2", "{E0790253-ABF6-4AFE-B825-F6D38EB8B6EB}"
EndProject
Project("{FAE04EC0-301F-11D3-BF4B-00C04F79EFBC}") = "BodyMassIndex", "BodyMassIndex\BodyMassIndex.csproj", "{4EA864BE-3AD0-4D22-8B67-6E188A8A6758}"
EndProject
Project("{FAE04EC0-301F-11D3-BF4B-00C04F79EFBC}") = "ValueExchange", "ValueExchange\ValueExchange.csproj", "{63125F38-09B4-467C-BCBC-A2C90E5957D0}"
EndProject
Project("{FAE04EC0-301F-11D3-BF4B-00C04F79EFBC}") = "DistanceBetweenPoints", "DistanceBetweenPoints\DistanceBetweenPoints.csproj", "{EECAA348-1ECF-49E6-A40F-5A76092FEF7A}"
EndProject
Project("{FAE04EC0-301F-11D3-BF4B-00C04F79EFBC}") = "Passport", "Passport\Passport.csproj", "{6595766C-E770-4735-846D-8904DF07CCB6}"
EndProject
Project("{FAE04EC0-301F-11D3-BF4B-00C04F79EFBC}") = "SmallestListValue", "SmallestListValueCmd\SmallestListValue.csproj", "{6C2AC75E-F939-4A65-85D8-64662A45648E}"
EndProject
Project("{FAE04EC0-301F-11D3-BF4B-00C04F79EFBC}") = "SumOfDigitsValue", "SumOfDigitsValue\SumOfDigitsValue.csproj", "{FF8E708D-0282-4BCB-9ED9-5011A2AB3F4D}"
EndProject
Project("{FAE04EC0-301F-11D3-BF4B-00C04F79EFBC}") = "SumOfOddPositiveNumbers", "SumOfOddPositiveNumbers\SumOfOddPositiveNumbers.csproj", "{9B75E4DD-0D07-4F62-8602-6743BD21064E}"
EndProject
Project("{FAE04EC0-301F-11D3-BF4B-00C04F79EFBC}") = "CheckLoginAndPassword", "CheckLoginAndPassword\CheckLoginAndPassword.csproj", "{11B492C2-B7E5-472A-910D-EA61E881A367}"
EndProject
Project("{FAE04EC0-301F-11D3-BF4B-00C04F79EFBC}") = "MassIndexAndOutput", "c\MassIndexAndOutput.csproj", "{865ADB03-69A2-45E2-BF66-FBB53F2E6AB8}"
EndProject
Project("{FAE04EC0-301F-11D3-BF4B-00C04F79EFBC}") = "CountOfGoodNumbers", "CountOfGoodNumbers\CountOfGoodNumbers.csproj", "{EC75AE20-90A9-40A8-B64C-370BECAB695F}"
EndProject
Project("{FAE04EC0-301F-11D3-BF4B-00C04F79EFBC}") = "RecursiveTasks", "RecursiveTasks\RecursiveTasks.csproj", "{58D9F387-8889-4410-8BBC-A5306D9455BC}"
EndProject
Project("{2150E333-8FDC-42A3-9474-1A3956D46DE8}") = "Homework_3", "Homework_3", "{24AE3257-3F73-48FD-B00B-FB7F75A8E616}"
EndProject
Project("{FAE04EC0-301F-11D3-BF4B-00C04F79EFBC}") = "StructComplex", "StructComplex\StructComplex.csproj", "{E86EDCBF-21BF-41E9-97EA-DC6F20EA6042}"
EndProject
Project("{FAE04EC0-301F-11D3-BF4B-00C04F79EFBC}") = "ClassComplex", "ClassComplex\ClassComplex.csproj", "{DABBAFDA-6BEA-4058-84C9-4B867573D047}"
EndProject
Project("{FAE04EC0-301F-11D3-BF4B-00C04F79EFBC}") = "SumOfPozitiveNumbersWhileZero", "SumOfGoodNumbersWhileZero\SumOfPozitiveNumbersWhileZero.csproj", "{9FA6732E-4F71-4083-852B-F1D6A4969C7F}"
EndProject
Project("{FAE04EC0-301F-11D3-BF4B-00C04F79EFBC}") = "FractionsMath", "FractionsMath\FractionsMath.csproj", "{A885938B-CD49-43F3-A7EE-4B740E6084D9}"
EndProject
Project("{2150E333-8FDC-42A3-9474-1A3956D46DE8}") = "Homework_4", "Homework_4", "{3371E852-03B9-41B6-B47E-20EE44463B35}"
EndProject
Project("{FAE04EC0-301F-11D3-BF4B-00C04F79EFBC}") = "ArrayPairs", "ArrayPairs\ArrayPairs.csproj", "{A7BF01C9-C5B4-4904-AFD7-B24BF022D1DE}"
EndProject
Project("{FAE04EC0-301F-11D3-BF4B-00C04F79EFBC}") = "ArrayClass", "ArrayClass\ArrayClass.csproj", "{59C5C3CB-1A6D-4CF6-8CC3-B965BB6DF05D}"
EndProject
Global
	GlobalSection(SolutionConfigurationPlatforms) = preSolution
		Debug|Any CPU = Debug|Any CPU
		Release|Any CPU = Release|Any CPU
	EndGlobalSection
	GlobalSection(ProjectConfigurationPlatforms) = postSolution
		{7CB1874B-D8E8-45D8-8EB8-4CCF09EF8259}.Debug|Any CPU.ActiveCfg = Debug|Any CPU
		{7CB1874B-D8E8-45D8-8EB8-4CCF09EF8259}.Debug|Any CPU.Build.0 = Debug|Any CPU
		{7CB1874B-D8E8-45D8-8EB8-4CCF09EF8259}.Release|Any CPU.ActiveCfg = Release|Any CPU
		{7CB1874B-D8E8-45D8-8EB8-4CCF09EF8259}.Release|Any CPU.Build.0 = Release|Any CPU
		{4EA864BE-3AD0-4D22-8B67-6E188A8A6758}.Debug|Any CPU.ActiveCfg = Debug|Any CPU
		{4EA864BE-3AD0-4D22-8B67-6E188A8A6758}.Debug|Any CPU.Build.0 = Debug|Any CPU
		{4EA864BE-3AD0-4D22-8B67-6E188A8A6758}.Release|Any CPU.ActiveCfg = Release|Any CPU
		{4EA864BE-3AD0-4D22-8B67-6E188A8A6758}.Release|Any CPU.Build.0 = Release|Any CPU
		{63125F38-09B4-467C-BCBC-A2C90E5957D0}.Debug|Any CPU.ActiveCfg = Debug|Any CPU
		{63125F38-09B4-467C-BCBC-A2C90E5957D0}.Debug|Any CPU.Build.0 = Debug|Any CPU
		{63125F38-09B4-467C-BCBC-A2C90E5957D0}.Release|Any CPU.ActiveCfg = Release|Any CPU
		{63125F38-09B4-467C-BCBC-A2C90E5957D0}.Release|Any CPU.Build.0 = Release|Any CPU
		{EECAA348-1ECF-49E6-A40F-5A76092FEF7A}.Debug|Any CPU.ActiveCfg = Debug|Any CPU
		{EECAA348-1ECF-49E6-A40F-5A76092FEF7A}.Debug|Any CPU.Build.0 = Debug|Any CPU
		{EECAA348-1ECF-49E6-A40F-5A76092FEF7A}.Release|Any CPU.ActiveCfg = Release|Any CPU
		{EECAA348-1ECF-49E6-A40F-5A76092FEF7A}.Release|Any CPU.Build.0 = Release|Any CPU
		{6595766C-E770-4735-846D-8904DF07CCB6}.Debug|Any CPU.ActiveCfg = Debug|Any CPU
		{6595766C-E770-4735-846D-8904DF07CCB6}.Debug|Any CPU.Build.0 = Debug|Any CPU
		{6595766C-E770-4735-846D-8904DF07CCB6}.Release|Any CPU.ActiveCfg = Release|Any CPU
		{6595766C-E770-4735-846D-8904DF07CCB6}.Release|Any CPU.Build.0 = Release|Any CPU
		{6C2AC75E-F939-4A65-85D8-64662A45648E}.Debug|Any CPU.ActiveCfg = Debug|Any CPU
		{6C2AC75E-F939-4A65-85D8-64662A45648E}.Debug|Any CPU.Build.0 = Debug|Any CPU
		{6C2AC75E-F939-4A65-85D8-64662A45648E}.Release|Any CPU.ActiveCfg = Release|Any CPU
		{6C2AC75E-F939-4A65-85D8-64662A45648E}.Release|Any CPU.Build.0 = Release|Any CPU
		{FF8E708D-0282-4BCB-9ED9-5011A2AB3F4D}.Debug|Any CPU.ActiveCfg = Debug|Any CPU
		{FF8E708D-0282-4BCB-9ED9-5011A2AB3F4D}.Debug|Any CPU.Build.0 = Debug|Any CPU
		{FF8E708D-0282-4BCB-9ED9-5011A2AB3F4D}.Release|Any CPU.ActiveCfg = Release|Any CPU
		{FF8E708D-0282-4BCB-9ED9-5011A2AB3F4D}.Release|Any CPU.Build.0 = Release|Any CPU
		{9B75E4DD-0D07-4F62-8602-6743BD21064E}.Debug|Any CPU.ActiveCfg = Debug|Any CPU
		{9B75E4DD-0D07-4F62-8602-6743BD21064E}.Debug|Any CPU.Build.0 = Debug|Any CPU
		{9B75E4DD-0D07-4F62-8602-6743BD21064E}.Release|Any CPU.ActiveCfg = Release|Any CPU
		{9B75E4DD-0D07-4F62-8602-6743BD21064E}.Release|Any CPU.Build.0 = Release|Any CPU
		{11B492C2-B7E5-472A-910D-EA61E881A367}.Debug|Any CPU.ActiveCfg = Debug|Any CPU
		{11B492C2-B7E5-472A-910D-EA61E881A367}.Debug|Any CPU.Build.0 = Debug|Any CPU
		{11B492C2-B7E5-472A-910D-EA61E881A367}.Release|Any CPU.ActiveCfg = Release|Any CPU
		{11B492C2-B7E5-472A-910D-EA61E881A367}.Release|Any CPU.Build.0 = Release|Any CPU
		{865ADB03-69A2-45E2-BF66-FBB53F2E6AB8}.Debug|Any CPU.ActiveCfg = Debug|Any CPU
		{865ADB03-69A2-45E2-BF66-FBB53F2E6AB8}.Debug|Any CPU.Build.0 = Debug|Any CPU
		{865ADB03-69A2-45E2-BF66-FBB53F2E6AB8}.Release|Any CPU.ActiveCfg = Release|Any CPU
		{865ADB03-69A2-45E2-BF66-FBB53F2E6AB8}.Release|Any CPU.Build.0 = Release|Any CPU
		{EC75AE20-90A9-40A8-B64C-370BECAB695F}.Debug|Any CPU.ActiveCfg = Debug|Any CPU
		{EC75AE20-90A9-40A8-B64C-370BECAB695F}.Debug|Any CPU.Build.0 = Debug|Any CPU
		{EC75AE20-90A9-40A8-B64C-370BECAB695F}.Release|Any CPU.ActiveCfg = Release|Any CPU
		{EC75AE20-90A9-40A8-B64C-370BECAB695F}.Release|Any CPU.Build.0 = Release|Any CPU
		{58D9F387-8889-4410-8BBC-A5306D9455BC}.Debug|Any CPU.ActiveCfg = Debug|Any CPU
		{58D9F387-8889-4410-8BBC-A5306D9455BC}.Debug|Any CPU.Build.0 = Debug|Any CPU
		{58D9F387-8889-4410-8BBC-A5306D9455BC}.Release|Any CPU.ActiveCfg = Release|Any CPU
		{58D9F387-8889-4410-8BBC-A5306D9455BC}.Release|Any CPU.Build.0 = Release|Any CPU
		{E86EDCBF-21BF-41E9-97EA-DC6F20EA6042}.Debug|Any CPU.ActiveCfg = Debug|Any CPU
		{E86EDCBF-21BF-41E9-97EA-DC6F20EA6042}.Debug|Any CPU.Build.0 = Debug|Any CPU
		{E86EDCBF-21BF-41E9-97EA-DC6F20EA6042}.Release|Any CPU.ActiveCfg = Release|Any CPU
		{E86EDCBF-21BF-41E9-97EA-DC6F20EA6042}.Release|Any CPU.Build.0 = Release|Any CPU
		{DABBAFDA-6BEA-4058-84C9-4B867573D047}.Debug|Any CPU.ActiveCfg = Debug|Any CPU
		{DABBAFDA-6BEA-4058-84C9-4B867573D047}.Debug|Any CPU.Build.0 = Debug|Any CPU
		{DABBAFDA-6BEA-4058-84C9-4B867573D047}.Release|Any CPU.ActiveCfg = Release|Any CPU
		{DABBAFDA-6BEA-4058-84C9-4B867573D047}.Release|Any CPU.Build.0 = Release|Any CPU
		{9FA6732E-4F71-4083-852B-F1D6A4969C7F}.Debug|Any CPU.ActiveCfg = Debug|Any CPU
		{9FA6732E-4F71-4083-852B-F1D6A4969C7F}.Debug|Any CPU.Build.0 = Debug|Any CPU
		{9FA6732E-4F71-4083-852B-F1D6A4969C7F}.Release|Any CPU.ActiveCfg = Release|Any CPU
		{9FA6732E-4F71-4083-852B-F1D6A4969C7F}.Release|Any CPU.Build.0 = Release|Any CPU
		{A885938B-CD49-43F3-A7EE-4B740E6084D9}.Debug|Any CPU.ActiveCfg = Debug|Any CPU
		{A885938B-CD49-43F3-A7EE-4B740E6084D9}.Debug|Any CPU.Build.0 = Debug|Any CPU
		{A885938B-CD49-43F3-A7EE-4B740E6084D9}.Release|Any CPU.ActiveCfg = Release|Any CPU
		{A885938B-CD49-43F3-A7EE-4B740E6084D9}.Release|Any CPU.Build.0 = Release|Any CPU
		{A7BF01C9-C5B4-4904-AFD7-B24BF022D1DE}.Debug|Any CPU.ActiveCfg = Debug|Any CPU
		{A7BF01C9-C5B4-4904-AFD7-B24BF022D1DE}.Debug|Any CPU.Build.0 = Debug|Any CPU
		{A7BF01C9-C5B4-4904-AFD7-B24BF022D1DE}.Release|Any CPU.ActiveCfg = Release|Any CPU
		{A7BF01C9-C5B4-4904-AFD7-B24BF022D1DE}.Release|Any CPU.Build.0 = Release|Any CPU
		{59C5C3CB-1A6D-4CF6-8CC3-B965BB6DF05D}.Debug|Any CPU.ActiveCfg = Debug|Any CPU
		{59C5C3CB-1A6D-4CF6-8CC3-B965BB6DF05D}.Debug|Any CPU.Build.0 = Debug|Any CPU
		{59C5C3CB-1A6D-4CF6-8CC3-B965BB6DF05D}.Release|Any CPU.ActiveCfg = Release|Any CPU
		{59C5C3CB-1A6D-4CF6-8CC3-B965BB6DF05D}.Release|Any CPU.Build.0 = Release|Any CPU
	EndGlobalSection
	GlobalSection(SolutionProperties) = preSolution
		HideSolutionNode = FALSE
	EndGlobalSection
	GlobalSection(NestedProjects) = preSolution
		{7CB1874B-D8E8-45D8-8EB8-4CCF09EF8259} = {7E8E753B-077C-4168-8E08-B837E4DBC2BA}
		{4EA864BE-3AD0-4D22-8B67-6E188A8A6758} = {7E8E753B-077C-4168-8E08-B837E4DBC2BA}
		{63125F38-09B4-467C-BCBC-A2C90E5957D0} = {7E8E753B-077C-4168-8E08-B837E4DBC2BA}
		{EECAA348-1ECF-49E6-A40F-5A76092FEF7A} = {7E8E753B-077C-4168-8E08-B837E4DBC2BA}
		{6595766C-E770-4735-846D-8904DF07CCB6} = {7E8E753B-077C-4168-8E08-B837E4DBC2BA}
		{6C2AC75E-F939-4A65-85D8-64662A45648E} = {E0790253-ABF6-4AFE-B825-F6D38EB8B6EB}
		{FF8E708D-0282-4BCB-9ED9-5011A2AB3F4D} = {E0790253-ABF6-4AFE-B825-F6D38EB8B6EB}
		{9B75E4DD-0D07-4F62-8602-6743BD21064E} = {E0790253-ABF6-4AFE-B825-F6D38EB8B6EB}
		{11B492C2-B7E5-472A-910D-EA61E881A367} = {E0790253-ABF6-4AFE-B825-F6D38EB8B6EB}
		{865ADB03-69A2-45E2-BF66-FBB53F2E6AB8} = {E0790253-ABF6-4AFE-B825-F6D38EB8B6EB}
		{EC75AE20-90A9-40A8-B64C-370BECAB695F} = {E0790253-ABF6-4AFE-B825-F6D38EB8B6EB}
		{58D9F387-8889-4410-8BBC-A5306D9455BC} = {E0790253-ABF6-4AFE-B825-F6D38EB8B6EB}
		{E86EDCBF-21BF-41E9-97EA-DC6F20EA6042} = {24AE3257-3F73-48FD-B00B-FB7F75A8E616}
		{DABBAFDA-6BEA-4058-84C9-4B867573D047} = {24AE3257-3F73-48FD-B00B-FB7F75A8E616}
		{9FA6732E-4F71-4083-852B-F1D6A4969C7F} = {24AE3257-3F73-48FD-B00B-FB7F75A8E616}
		{A885938B-CD49-43F3-A7EE-4B740E6084D9} = {24AE3257-3F73-48FD-B00B-FB7F75A8E616}
		{A7BF01C9-C5B4-4904-AFD7-B24BF022D1DE} = {3371E852-03B9-41B6-B47E-20EE44463B35}
		{59C5C3CB-1A6D-4CF6-8CC3-B965BB6DF05D} = {3371E852-03B9-41B6-B47E-20EE44463B35}
	EndGlobalSection
	GlobalSection(ExtensibilityGlobals) = postSolution
		SolutionGuid = {F52B65D0-3710-40A0-A82D-D4AFA0BA9485}
	EndGlobalSection
EndGlobal
